// !$*UTF8*$!
{
	archiveVersion = 1;
	classes = {
	};
	objectVersion = 63;
	objects = {

/* Begin PBXBuildFile section */
		PRIVACY0002A2B3C4D5E6F7 /* PrivacyInfo.xcprivacy in Resources */ = {isa = PBXBuildFile; fileRef = PRIVACY0001A2B3C4D5E6F7 /* PrivacyInfo.xcprivacy */; };
		0770E830103BBA269C86E6A6 /* ReadiumShared in Frameworks */ = {isa = PBXBuildFile; productRef = 7498BDB1A48B56ECEAA3F18C /* ReadiumShared */; };
		0815F8C75C98F6A74480AC43 /* PageCommand.swift in Sources */ = {isa = PBXBuildFile; fileRef = C2D15A9E53D4374742A8A4B5 /* PageCommand.swift */; };
		0A55B7EE2DE0F7D9F50F009A /* AboutSectionView.swift in Sources */ = {isa = PBXBuildFile; fileRef = 6D69D4E560EB4829803E9C5F /* AboutSectionView.swift */; };
		0BE350D97BDD701300254B56 /* HomeModule.swift in Sources */ = {isa = PBXBuildFile; fileRef = 887713861EF2F9418AC144A2 /* HomeModule.swift */; };
		104BA34DD595B17FB70E76F5 /* PDFModule.swift in Sources */ = {isa = PBXBuildFile; fileRef = A94A4DC16BE84E52279A3438 /* PDFModule.swift */; };
		1301356D92DDA4102D6EEDBC /* BookmarkCellView.swift in Sources */ = {isa = PBXBuildFile; fileRef = 36344EB8BDDF407AE9443828 /* BookmarkCellView.swift */; };
		151F11A63462E9CE0988DE33 /* UserPreferencesStore.swift in Sources */ = {isa = PBXBuildFile; fileRef = 17C2938BC9582E89D37DD539 /* UserPreferencesStore.swift */; };
		170780DD70076A3034688F10 /* Library.storyboard in Resources */ = {isa = PBXBuildFile; fileRef = 041E91A0617E229E4A12DB72 /* Library.storyboard */; };
		1B69EB59271FDB9297C94773 /* WatchConnectivityManager.swift in Sources */ = {isa = PBXBuildFile; fileRef = 624A0908024583EAA723EF37 /* WatchConnectivityManager.swift */; };
		1F60000FEAAF17C55EA13BF5 /* OPDSFacetView.swift in Sources */ = {isa = PBXBuildFile; fileRef = 15D71AA730196E0127A02E21 /* OPDSFacetView.swift */; };
		2013BD8DE442F660D510F809 /* WatchPageTurnService.swift in Sources */ = {isa = PBXBuildFile; fileRef = B12B9C27210C1C03A2BE62DE /* WatchPageTurnService.swift */; };
		2014AE08B3CA61C9A465499D /* LCPModule.swift in Sources */ = {isa = PBXBuildFile; fileRef = 498B0C1C2A5BBB4635DB9205 /* LCPModule.swift */; };
		22F0B7870B81C762DAB0E733 /* OPDSModule.swift in Sources */ = {isa = PBXBuildFile; fileRef = 6F2B656A3EDEC5D30C04CB0A /* OPDSModule.swift */; };
		241CA724AE151194CBCCF6F7 /* LibraryError.swift in Sources */ = {isa = PBXBuildFile; fileRef = E556BE39A9716505BCE414DC /* LibraryError.swift */; };
		246CE1BD19E31E8CAA5F2DC0 /* EPUBViewController.swift in Sources */ = {isa = PBXBuildFile; fileRef = 178105C26BFF5F19FC32A6F8 /* EPUBViewController.swift */; };
		2AFB2B96D9FBA573769DA99B /* HighlightCellView.swift in Sources */ = {isa = PBXBuildFile; fileRef = 131E7CACE1290AE0E3E01703 /* HighlightCellView.swift */; };
		2AFC36A1B4D06924FB33ABBD /* OPDSCatalogsViewModel.swift in Sources */ = {isa = PBXBuildFile; fileRef = 8BAF4FE882F5F77DD7DDEC99 /* OPDSCatalogsViewModel.swift */; };
		2C254C022831D5191216D859 /* ReadiumOPDS in Frameworks */ = {isa = PBXBuildFile; productRef = 3625E51E58424FCC5DD3B97F /* ReadiumOPDS */; };
		2C8DD4ACB60CD5DB3873D8C1 /* Locator.swift in Sources */ = {isa = PBXBuildFile; fileRef = C2CEA58DCBF6A480F09C088C /* Locator.swift */; };
		2DD9AAF066BC2FA01FD21899 /* TTSView.swift in Sources */ = {isa = PBXBuildFile; fileRef = D345B3526CABD83831589416 /* TTSView.swift */; };
		3185C8B505350401403725BD /* AudiobookModule.swift in Sources */ = {isa = PBXBuildFile; fileRef = 62967626DB216BAB7677B5A2 /* AudiobookModule.swift */; };
		3822E72B4986CF57D2A44846 /* Localizable.strings in Resources */ = {isa = PBXBuildFile; fileRef = DD3C3128D703D3FFE4459D36 /* Localizable.strings */; };
		3F2637C3951644076155DE86 /* AppModule.swift in Sources */ = {isa = PBXBuildFile; fileRef = D45A11ECCDC450EA04E7FEFF /* AppModule.swift */; };
		42CBB58D1961BEE54CCBFB67 /* PublicationCollectionViewCell.swift in Sources */ = {isa = PBXBuildFile; fileRef = 4ECF764398E6E471DE035246 /* PublicationCollectionViewCell.swift */; };
		483C23D985DD14597324C2EA /* OutlineTableView.swift in Sources */ = {isa = PBXBuildFile; fileRef = 18E47B50CA8A985AC011685C /* OutlineTableView.swift */; };
		4AEFD509B3CDCB8C858E7506 /* LCPManagementTableViewController.swift in Sources */ = {isa = PBXBuildFile; fileRef = 8627FAE710440D0649610919 /* LCPManagementTableViewController.swift */; };
		4D470CC7F4BF395055606FFA /* AppDelegate.swift in Sources */ = {isa = PBXBuildFile; fileRef = 4D16059811BD2C2BEF0C3A49 /* AppDelegate.swift */; };
		5109C6737A521D4BE5E690AF /* ReadingTimeManager.swift in Sources */ = {isa = PBXBuildFile; fileRef = 6923A657985AAB548FFBBD2D /* ReadingTimeManager.swift */; };
		53E3DAE348DA4A9B593469D3 /* Localizable.strings in Resources */ = {isa = PBXBuildFile; fileRef = 802E01DF5344718745EF9759 /* Localizable.strings */; };
		5801C06D7ED7B2F2BE67F715 /* OPDSCatalog.swift in Sources */ = {isa = PBXBuildFile; fileRef = A7B63A2D2FD086BF05083F8F /* OPDSCatalog.swift */; };
		5A1698C2F2297B670C92316F /* ReaderModule.swift in Sources */ = {isa = PBXBuildFile; fileRef = 89E1A6F7ACDE11C9A2A513A8 /* ReaderModule.swift */; };
		5ACC91C220CA6B29D7D20269 /* Fonts in Resources */ = {isa = PBXBuildFile; fileRef = 9D5902798099C3EE8E8D95B9 /* Fonts */; };
		5B31B63F319C2E22FD99251B /* AnyPublisher.swift in Sources */ = {isa = PBXBuildFile; fileRef = 1895D24415C4CE1D979D82BD /* AnyPublisher.swift */; };
		606DDBE8BCAF3E5D6BB0262F /* OPDSCatalogsView.swift in Sources */ = {isa = PBXBuildFile; fileRef = 2093F7B816F304E846E3C29A /* OPDSCatalogsView.swift */; };
		623540415F286DFA546F2D4C /* MBProgressHUD in Frameworks */ = {isa = PBXBuildFile; productRef = 3C3D34DFF9245C495B9DF145 /* MBProgressHUD */; };
		641EEC412231AA2160F2A390 /* ContentView.swift in Sources */ = {isa = PBXBuildFile; fileRef = 1583B083ACD4EF959F1AEAC5 /* ContentView.swift */; };
		6476511A20B37A06D72AC550 /* ReaderViewController.swift in Sources */ = {isa = PBXBuildFile; fileRef = 4EA9A45A5D791B9589444DC5 /* ReaderViewController.swift */; };
		6923E4F8BF42DC9055831948 /* PublicationMenuViewController.swift in Sources */ = {isa = PBXBuildFile; fileRef = 51A2756F1186E08AED27BC0E /* PublicationMenuViewController.swift */; };
		6CC69048746FEA1682303D03 /* IconButton.swift in Sources */ = {isa = PBXBuildFile; fileRef = 24472CC384FE3DAF90CA940A /* IconButton.swift */; };
		6EB86A009D1A23ABD8010A3D /* HighlightContextMenu.swift in Sources */ = {isa = PBXBuildFile; fileRef = DB05238E36DB983316E6C47C /* HighlightContextMenu.swift */; };
		70806694CA4142EC6BE21AEA /* Assets.xcassets in Resources */ = {isa = PBXBuildFile; fileRef = 694BDEB5CE7C0CB8BA260381 /* Assets.xcassets */; };
		74C5A728A5472DC977E682CF /* DRM.storyboard in Resources */ = {isa = PBXBuildFile; fileRef = E3CF731283C1800ED315C9C7 /* DRM.storyboard */; };
		761B2F56C1DA2CAD630A4B33 /* SearchViewModel.swift in Sources */ = {isa = PBXBuildFile; fileRef = 5C78E8EB5BCCEF02217049C6 /* SearchViewModel.swift */; };
		78CB2D8372C5E22D60B0F8D4 /* PDFViewController.swift in Sources */ = {isa = PBXBuildFile; fileRef = 4D9D2ACEE0154486BBCCD2B2 /* PDFViewController.swift */; };
		7DBDEC479631A9E7A923ED4C /* UserPreferences.swift in Sources */ = {isa = PBXBuildFile; fileRef = AE739B0B1AD00ED5AED7724B /* UserPreferences.swift */; };
		81E58F5FD6182D46FA3FFD8F /* OutlineViewModels.swift in Sources */ = {isa = PBXBuildFile; fileRef = 4C02ED776EAD698A1FC04AF3 /* OutlineViewModels.swift */; };
		8440CF6FEDA066FD767E01D2 /* GRDB in Frameworks */ = {isa = PBXBuildFile; productRef = 48B31D9ECEB98C5040A63F56 /* GRDB */; };
		8479AF25CE7A19F643B5D33D /* OPDS.storyboard in Resources */ = {isa = PBXBuildFile; fileRef = 9BE76A99743EF981F8CD2AC3 /* OPDS.storyboard */; };
		855E2D2F18B0F4B632409D4A /* BarButtonItem.swift in Sources */ = {isa = PBXBuildFile; fileRef = D585255A46999C8768D3CBC2 /* BarButtonItem.swift */; };
		8B829D2A9A112BCFF248E32F /* VisualReaderViewController.swift in Sources */ = {isa = PBXBuildFile; fileRef = ADD0CD684D4BAB10B6ECAC03 /* VisualReaderViewController.swift */; };
		8C180CDB39A97A21567B4B4B /* OPDSPlaceholderView.swift in Sources */ = {isa = PBXBuildFile; fileRef = EC4793E3726F40D73811DD58 /* OPDSPlaceholderView.swift */; };
		8E2DD7D95A03DF3B73E2D2D3 /* Future.swift in Sources */ = {isa = PBXBuildFile; fileRef = 240397045C9D990C64393598 /* Future.swift */; };
		92005252C16D8F66A660C749 /* LibraryModule.swift in Sources */ = {isa = PBXBuildFile; fileRef = 82D663407FE728242FF837A9 /* LibraryModule.swift */; };
		92AC4F8E3718F5D2E825F155 /* LibraryViewController.swift in Sources */ = {isa = PBXBuildFile; fileRef = EE56BD15CF1C12FD76DB0C02 /* LibraryViewController.swift */; };
		937A2EB38712371A1D422C1E /* OPDSFeedViewModel.swift in Sources */ = {isa = PBXBuildFile; fileRef = 2FFAFE701884B3A6CC171B73 /* OPDSFeedViewModel.swift */; };
		9536B73881D8B2990F824085 /* EPUBModule.swift in Sources */ = {isa = PBXBuildFile; fileRef = 676E011FB9B8B9A2BEE038E0 /* EPUBModule.swift */; };
		98D7D18BF11505849A36AA65 /* LibraryFactory.swift in Sources */ = {isa = PBXBuildFile; fileRef = 6B989D4B572C7F20B3C691D2 /* LibraryFactory.swift */; };
		9C5AA93B59D0794452D4B623 /* Book.swift in Sources */ = {isa = PBXBuildFile; fileRef = C4667F53DE812B82C31FD923 /* Book.swift */; };
		9D2F637F891561867453C159 /* URL.swift in Sources */ = {isa = PBXBuildFile; fileRef = 177E7755BBB078929A6DF1AB /* URL.swift */; };
		9DB7A28FD3B3CF321ED301A9 /* LCPViewModel.swift in Sources */ = {isa = PBXBuildFile; fileRef = 29CA5455089052F77F11B978 /* LCPViewModel.swift */; };
		9EBA41B2CA0BF9BD8E76DCAC /* OPDSFeedView.swift in Sources */ = {isa = PBXBuildFile; fileRef = 14AA17D74666FF325E81E692 /* OPDSFeedView.swift */; };
		9EF618C55662D50B612DA755 /* Paths.swift in Sources */ = {isa = PBXBuildFile; fileRef = 5E7E8D2E6C8E4E8F45EF2BC1 /* Paths.swift */; };
		A2B1AE4CEF5F4E1F8EF6BF49 /* UIViewController.swift in Sources */ = {isa = PBXBuildFile; fileRef = 8DA0E6603D4969DD32E0C366 /* UIViewController.swift */; };
		A401BC5206E906447292487E /* Readium.swift in Sources */ = {isa = PBXBuildFile; fileRef = 00C859D3B6781923356D08BC /* Readium.swift */; };
		A4A0CB5CCD9F822197DB316A /* TTSViewModel.swift in Sources */ = {isa = PBXBuildFile; fileRef = A7935C1E83615EA20E5F727D /* TTSViewModel.swift */; };
		A8DC2852D0DF510247ED60F5 /* SearchView.swift in Sources */ = {isa = PBXBuildFile; fileRef = 524C0809454B8ADD80DC2311 /* SearchView.swift */; };
		AA525D16EA15749798C12682 /* OPDSCatalogRow.swift in Sources */ = {isa = PBXBuildFile; fileRef = 09EB51A647D02FEFB069368A /* OPDSCatalogRow.swift */; };
		AB1F4E273AF69598F756DEAA /* AudiobookViewController.swift in Sources */ = {isa = PBXBuildFile; fileRef = 6F3ACDFD2BEA6F27E3AC215D /* AudiobookViewController.swift */; };
		B175A230D1FD2A3475D9A409 /* ReaderFactory.swift in Sources */ = {isa = PBXBuildFile; fileRef = B53BD3AED1D74FFF2699F554 /* ReaderFactory.swift */; };
		B267E78537DF003C24F79365 /* PublicationMenuViewController.xib in Resources */ = {isa = PBXBuildFile; fileRef = A01D56D366010E6382DBD2B3 /* PublicationMenuViewController.xib */; };
		B2AC15D1430277BCF66B41A3 /* ReadiumNavigator in Frameworks */ = {isa = PBXBuildFile; productRef = 353DFD22F3ACDD4205064F5B /* ReadiumNavigator */; };
		B3FDBA976D9DD8DEA643DF37 /* HomeView.swift in Sources */ = {isa = PBXBuildFile; fileRef = 5A60E50BAA359799EAA57CB6 /* HomeView.swift */; };
		B934211127BA977B1EF3B457 /* ScreenOrientation.swift in Sources */ = {isa = PBXBuildFile; fileRef = 2D87B9294D60A81B14F8DB44 /* ScreenOrientation.swift */; };
		B99AE12CF65285255CD510A5 /* PublicationMetadataView.swift in Sources */ = {isa = PBXBuildFile; fileRef = 23B15673E0DFC61AB6AF1DE7 /* PublicationMetadataView.swift */; };
		BA3194FFE7E8947B41CD9DFA /* ReaderFormatModule.swift in Sources */ = {isa = PBXBuildFile; fileRef = D70AFBA58E37D0F998D6A3F7 /* ReaderFormatModule.swift */; };
		BD0DE9C706B44EB9C9E1643D /* ReadiumStreamer in Frameworks */ = {isa = PBXBuildFile; productRef = 7B48E666961D446046AECB38 /* ReadiumStreamer */; };
		BE18DA2D0F5CD368FD5EA32B /* Highlight.swift in Sources */ = {isa = PBXBuildFile; fileRef = 332A8241704543B2EDD01A87 /* Highlight.swift */; };
		BFC93767CFC78A7D656E5908 /* ReadiumAdapterGCDWebServer in Frameworks */ = {isa = PBXBuildFile; productRef = 4A2698E7CCB066776CB9F70B /* ReadiumAdapterGCDWebServer */; };
		C38AA876F96A380EAF6D119C /* EditOPDSCatalogView.swift in Sources */ = {isa = PBXBuildFile; fileRef = 56594F58C879EF91E9DEFBE4 /* EditOPDSCatalogView.swift */; };
		C3E454DA2E428D28F6890F35 /* UserError.swift in Sources */ = {isa = PBXBuildFile; fileRef = C0555904922A94376FE794CB /* UserError.swift */; };
		C83C05BD3E8160B18E30492D /* Database.swift in Sources */ = {isa = PBXBuildFile; fileRef = 2FAB8ACF6B564AA02C9CD588 /* Database.swift */; };
		C9386750AF6012D1BFBFD017 /* OPDSGroupRow.swift in Sources */ = {isa = PBXBuildFile; fileRef = 4AAAD6362C38B082481EA9BC /* OPDSGroupRow.swift */; };
		C98DAEFD88A550A668129397 /* OPDSNavigationRow.swift in Sources */ = {isa = PBXBuildFile; fileRef = 3EA58EE91248D68FFC8C546C /* OPDSNavigationRow.swift */; };
		CCA15EA9BFF8055E0AD81870 /* OPDSFactory.swift in Sources */ = {isa = PBXBuildFile; fileRef = D56D24A5F341101F751E55C3 /* OPDSFactory.swift */; };
		CD0BAFE5B88B0DDBB7C911CF /* Toast.swift in Sources */ = {isa = PBXBuildFile; fileRef = C59A0A024F0BCF8919BFF5F9 /* Toast.swift */; };
		CD2DAB4D4FA7413E9DACB2D7 /* AboutTableViewController.swift in Sources */ = {isa = PBXBuildFile; fileRef = 65C350B240800F5CCB573330 /* AboutTableViewController.swift */; };
		CDE153446216AB997D9E4A72 /* PagePilotWatch.app in Embed Watch Content */ = {isa = PBXBuildFile; fileRef = D5B287F95A1282CF890CB098 /* PagePilotWatch.app */; settings = {ATTRIBUTES = (RemoveHeadersOnCopy, ); }; };
		CEC59B3405B6C00D2093D75A /* Publication.swift in Sources */ = {isa = PBXBuildFile; fileRef = ED9A3CF3A20BC327FDCB1A99 /* Publication.swift */; };
		D1D665D751732216E7B60DA1 /* WatchRemoteApp.swift in Sources */ = {isa = PBXBuildFile; fileRef = 459015DF4D10FB8B005B017F /* WatchRemoteApp.swift */; };
		WATCHASSETBUILDX12345678901 /* Assets.xcassets in Resources */ = {isa = PBXBuildFile; fileRef = WATCHASST123456789012345678 /* Assets.xcassets */; };
		D3C4E4A0FD8B7A55A20EB0F7 /* OPDSPublicationInfoViewController.swift in Sources */ = {isa = PBXBuildFile; fileRef = 5FEA41A18766AC1F731DC6D8 /* OPDSPublicationInfoViewController.swift */; };
		D5C287C3CAEB8A8873EF4113 /* OPDSPublicationItemView.swift in Sources */ = {isa = PBXBuildFile; fileRef = 5C7C9E25CAFFDEB490B3162A /* OPDSPublicationItemView.swift */; };
		D5E2EDA4116CB3BBDED6AFB4 /* OPDSPublicationInfoView.swift in Sources */ = {isa = PBXBuildFile; fileRef = A1EC74F4E12B871FEF191394 /* OPDSPublicationInfoView.swift */; };
		DCDB6FBAC53F9F4B0C302759 /* PublicationCollectionViewCell.xib in Resources */ = {isa = PBXBuildFile; fileRef = 369A1A786DC34B84BB19DC78 /* PublicationCollectionViewCell.xib */; };
		DF8FE15437316626D7ED14EF /* Localizable.strings in Resources */ = {isa = PBXBuildFile; fileRef = DBEA2030A7E77B55426B2E03 /* Localizable.strings */; };
		E4DA59866A250AAA57704BB5 /* About.storyboard in Resources */ = {isa = PBXBuildFile; fileRef = DB89801140653DA8ED4AFD1E /* About.storyboard */; };
		E6D146A76EB17176D12CF6DA /* App.storyboard in Resources */ = {isa = PBXBuildFile; fileRef = 6F8CD21F333B1F4192F8A861 /* App.storyboard */; };
		EB50271922B87EE0074B5E96 /* Bookmark.swift in Sources */ = {isa = PBXBuildFile; fileRef = 5E8A1A65F68EC5042259DF4D /* Bookmark.swift */; };
		EC4DADC428E83E9AF6FC580F /* AboutView.swift in Sources */ = {isa = PBXBuildFile; fileRef = 08CA4E4B1A10D99A2C58B421 /* AboutView.swift */; };
		F00823C37FCA888C32B92636 /* LibraryService.swift in Sources */ = {isa = PBXBuildFile; fileRef = 816C66669DBD1ABF9F20EB7B /* LibraryService.swift */; };
		F178C6EF6B0CE8D923153EAB /* ReaderError.swift in Sources */ = {isa = PBXBuildFile; fileRef = 5558B74DD2891D2133578053 /* ReaderError.swift */; };
		F43044371FAE9BCBB0825C47 /* UIImage.swift in Sources */ = {isa = PBXBuildFile; fileRef = D69EF603726F0347A6B45665 /* UIImage.swift */; };
		FD9A1B87D37F82668C89BC7F /* Kingfisher in Frameworks */ = {isa = PBXBuildFile; productRef = B9D8E7DA6EE0C6772F4072EF /* Kingfisher */; };
/* End PBXBuildFile section */

/* Begin PBXContainerItemProxy section */
		DEE432E2C3D6EA2AFAF41363 /* PBXContainerItemProxy */ = {
			isa = PBXContainerItemProxy;
			containerPortal = 1D376775B4D66BFF6381EB9C /* Project object */;
			proxyType = 1;
			remoteGlobalIDString = BD5410D9566E7DFEBEBE9BC5;
			remoteInfo = PagePilotWatch;
		};
/* End PBXContainerItemProxy section */

/* Begin PBXCopyFilesBuildPhase section */
		8E2FE55A41690E14E6A9359C /* Embed Watch Content */ = {
			isa = PBXCopyFilesBuildPhase;
			buildActionMask = 2147483647;
			dstPath = "$(CONTENTS_FOLDER_PATH)/Watch";
			dstSubfolderSpec = 16;
			files = (
				CDE153446216AB997D9E4A72 /* PagePilotWatch.app in Embed Watch Content */,
			);
			name = "Embed Watch Content";
			runOnlyForDeploymentPostprocessing = 0;
		};
/* End PBXCopyFilesBuildPhase section */

/* Begin PBXFileReference section */
		00C859D3B6781923356D08BC /* Readium.swift */ = {isa = PBXFileReference; lastKnownFileType = sourcecode.swift; path = Readium.swift; sourceTree = "<group>"; };
		08CA4E4B1A10D99A2C58B421 /* AboutView.swift */ = {isa = PBXFileReference; lastKnownFileType = sourcecode.swift; path = AboutView.swift; sourceTree = "<group>"; };
		09EB51A647D02FEFB069368A /* OPDSCatalogRow.swift */ = {isa = PBXFileReference; lastKnownFileType = sourcecode.swift; path = OPDSCatalogRow.swift; sourceTree = "<group>"; };
		131E7CACE1290AE0E3E01703 /* HighlightCellView.swift */ = {isa = PBXFileReference; lastKnownFileType = sourcecode.swift; path = HighlightCellView.swift; sourceTree = "<group>"; };
		14AA17D74666FF325E81E692 /* OPDSFeedView.swift */ = {isa = PBXFileReference; lastKnownFileType = sourcecode.swift; path = OPDSFeedView.swift; sourceTree = "<group>"; };
		1583B083ACD4EF959F1AEAC5 /* ContentView.swift */ = {isa = PBXFileReference; lastKnownFileType = sourcecode.swift; path = ContentView.swift; sourceTree = "<group>"; };
		15D71AA730196E0127A02E21 /* OPDSFacetView.swift */ = {isa = PBXFileReference; lastKnownFileType = sourcecode.swift; path = OPDSFacetView.swift; sourceTree = "<group>"; };
		177E7755BBB078929A6DF1AB /* URL.swift */ = {isa = PBXFileReference; lastKnownFileType = sourcecode.swift; path = URL.swift; sourceTree = "<group>"; };
		178105C26BFF5F19FC32A6F8 /* EPUBViewController.swift */ = {isa = PBXFileReference; lastKnownFileType = sourcecode.swift; path = EPUBViewController.swift; sourceTree = "<group>"; };
		17C2938BC9582E89D37DD539 /* UserPreferencesStore.swift */ = {isa = PBXFileReference; lastKnownFileType = sourcecode.swift; path = UserPreferencesStore.swift; sourceTree = "<group>"; };
		1895D24415C4CE1D979D82BD /* AnyPublisher.swift */ = {isa = PBXFileReference; lastKnownFileType = sourcecode.swift; path = AnyPublisher.swift; sourceTree = "<group>"; };
		18E47B50CA8A985AC011685C /* OutlineTableView.swift */ = {isa = PBXFileReference; lastKnownFileType = sourcecode.swift; path = OutlineTableView.swift; sourceTree = "<group>"; };
		2093F7B816F304E846E3C29A /* OPDSCatalogsView.swift */ = {isa = PBXFileReference; lastKnownFileType = sourcecode.swift; path = OPDSCatalogsView.swift; sourceTree = "<group>"; };
		23B15673E0DFC61AB6AF1DE7 /* PublicationMetadataView.swift */ = {isa = PBXFileReference; lastKnownFileType = sourcecode.swift; path = PublicationMetadataView.swift; sourceTree = "<group>"; };
		240397045C9D990C64393598 /* Future.swift */ = {isa = PBXFileReference; lastKnownFileType = sourcecode.swift; path = Future.swift; sourceTree = "<group>"; };
		24472CC384FE3DAF90CA940A /* IconButton.swift */ = {isa = PBXFileReference; lastKnownFileType = sourcecode.swift; path = IconButton.swift; sourceTree = "<group>"; };
		29CA5455089052F77F11B978 /* LCPViewModel.swift */ = {isa = PBXFileReference; lastKnownFileType = sourcecode.swift; path = LCPViewModel.swift; sourceTree = "<group>"; };
		2B94B2ED1DDE50FA51FBF72D /* en */ = {isa = PBXFileReference; lastKnownFileType = text.plist.strings; name = en; path = en.lproj/PublicationMenuViewController.strings; sourceTree = "<group>"; };
		2D87B9294D60A81B14F8DB44 /* ScreenOrientation.swift */ = {isa = PBXFileReference; lastKnownFileType = sourcecode.swift; path = ScreenOrientation.swift; sourceTree = "<group>"; };
		2FAB8ACF6B564AA02C9CD588 /* Database.swift */ = {isa = PBXFileReference; lastKnownFileType = sourcecode.swift; path = Database.swift; sourceTree = "<group>"; };
		2FFAFE701884B3A6CC171B73 /* OPDSFeedViewModel.swift */ = {isa = PBXFileReference; lastKnownFileType = sourcecode.swift; path = OPDSFeedViewModel.swift; sourceTree = "<group>"; };
		332A8241704543B2EDD01A87 /* Highlight.swift */ = {isa = PBXFileReference; lastKnownFileType = sourcecode.swift; path = Highlight.swift; sourceTree = "<group>"; };
		3452D6003A30E50BFD72E39F /* PagePilot.app */ = {isa = PBXFileReference; explicitFileType = wrapper.application; includeInIndex = 0; path = PagePilot.app; sourceTree = BUILT_PRODUCTS_DIR; };
		36344EB8BDDF407AE9443828 /* BookmarkCellView.swift */ = {isa = PBXFileReference; lastKnownFileType = sourcecode.swift; path = BookmarkCellView.swift; sourceTree = "<group>"; };
		3EA58EE91248D68FFC8C546C /* OPDSNavigationRow.swift */ = {isa = PBXFileReference; lastKnownFileType = sourcecode.swift; path = OPDSNavigationRow.swift; sourceTree = "<group>"; };
		448A9EFAF84B388BCA0C9E9F /* zh-Hans */ = {isa = PBXFileReference; lastKnownFileType = text.plist.strings; name = "zh-Hans"; path = "zh-Hans.lproj/Localizable.strings"; sourceTree = "<group>"; };
		459015DF4D10FB8B005B017F /* WatchRemoteApp.swift */ = {isa = PBXFileReference; lastKnownFileType = sourcecode.swift; path = WatchRemoteApp.swift; sourceTree = "<group>"; };
		498B0C1C2A5BBB4635DB9205 /* LCPModule.swift */ = {isa = PBXFileReference; lastKnownFileType = sourcecode.swift; path = LCPModule.swift; sourceTree = "<group>"; };
		4AAAD6362C38B082481EA9BC /* OPDSGroupRow.swift */ = {isa = PBXFileReference; lastKnownFileType = sourcecode.swift; path = OPDSGroupRow.swift; sourceTree = "<group>"; };
		4C02ED776EAD698A1FC04AF3 /* OutlineViewModels.swift */ = {isa = PBXFileReference; lastKnownFileType = sourcecode.swift; path = OutlineViewModels.swift; sourceTree = "<group>"; };
		4D16059811BD2C2BEF0C3A49 /* AppDelegate.swift */ = {isa = PBXFileReference; lastKnownFileType = sourcecode.swift; path = AppDelegate.swift; sourceTree = "<group>"; };
		4D9D2ACEE0154486BBCCD2B2 /* PDFViewController.swift */ = {isa = PBXFileReference; lastKnownFileType = sourcecode.swift; path = PDFViewController.swift; sourceTree = "<group>"; };
		4EA9A45A5D791B9589444DC5 /* ReaderViewController.swift */ = {isa = PBXFileReference; lastKnownFileType = sourcecode.swift; path = ReaderViewController.swift; sourceTree = "<group>"; };
		4ECF764398E6E471DE035246 /* PublicationCollectionViewCell.swift */ = {isa = PBXFileReference; lastKnownFileType = sourcecode.swift; path = PublicationCollectionViewCell.swift; sourceTree = "<group>"; };
		51A2756F1186E08AED27BC0E /* PublicationMenuViewController.swift */ = {isa = PBXFileReference; lastKnownFileType = sourcecode.swift; path = PublicationMenuViewController.swift; sourceTree = "<group>"; };
		524C0809454B8ADD80DC2311 /* SearchView.swift */ = {isa = PBXFileReference; lastKnownFileType = sourcecode.swift; path = SearchView.swift; sourceTree = "<group>"; };
		5558B74DD2891D2133578053 /* ReaderError.swift */ = {isa = PBXFileReference; lastKnownFileType = sourcecode.swift; path = ReaderError.swift; sourceTree = "<group>"; };
		56594F58C879EF91E9DEFBE4 /* EditOPDSCatalogView.swift */ = {isa = PBXFileReference; lastKnownFileType = sourcecode.swift; path = EditOPDSCatalogView.swift; sourceTree = "<group>"; };
		5A60E50BAA359799EAA57CB6 /* HomeView.swift */ = {isa = PBXFileReference; lastKnownFileType = sourcecode.swift; path = HomeView.swift; sourceTree = "<group>"; };
		5C78E8EB5BCCEF02217049C6 /* SearchViewModel.swift */ = {isa = PBXFileReference; lastKnownFileType = sourcecode.swift; path = SearchViewModel.swift; sourceTree = "<group>"; };
		5C7C9E25CAFFDEB490B3162A /* OPDSPublicationItemView.swift */ = {isa = PBXFileReference; lastKnownFileType = sourcecode.swift; path = OPDSPublicationItemView.swift; sourceTree = "<group>"; };
		5E7E8D2E6C8E4E8F45EF2BC1 /* Paths.swift */ = {isa = PBXFileReference; lastKnownFileType = sourcecode.swift; path = Paths.swift; sourceTree = "<group>"; };
		5E8A1A65F68EC5042259DF4D /* Bookmark.swift */ = {isa = PBXFileReference; lastKnownFileType = sourcecode.swift; path = Bookmark.swift; sourceTree = "<group>"; };
		5FEA41A18766AC1F731DC6D8 /* OPDSPublicationInfoViewController.swift */ = {isa = PBXFileReference; lastKnownFileType = sourcecode.swift; path = OPDSPublicationInfoViewController.swift; sourceTree = "<group>"; };
		624A0908024583EAA723EF37 /* WatchConnectivityManager.swift */ = {isa = PBXFileReference; lastKnownFileType = sourcecode.swift; path = WatchConnectivityManager.swift; sourceTree = "<group>"; };
		62967626DB216BAB7677B5A2 /* AudiobookModule.swift */ = {isa = PBXFileReference; lastKnownFileType = sourcecode.swift; path = AudiobookModule.swift; sourceTree = "<group>"; };
		65C350B240800F5CCB573330 /* AboutTableViewController.swift */ = {isa = PBXFileReference; lastKnownFileType = sourcecode.swift; path = AboutTableViewController.swift; sourceTree = "<group>"; };
		676E011FB9B8B9A2BEE038E0 /* EPUBModule.swift */ = {isa = PBXFileReference; lastKnownFileType = sourcecode.swift; path = EPUBModule.swift; sourceTree = "<group>"; };
		6923A657985AAB548FFBBD2D /* ReadingTimeManager.swift */ = {isa = PBXFileReference; lastKnownFileType = sourcecode.swift; path = ReadingTimeManager.swift; sourceTree = "<group>"; };
		694BDEB5CE7C0CB8BA260381 /* Assets.xcassets */ = {isa = PBXFileReference; lastKnownFileType = folder.assetcatalog; path = Assets.xcassets; sourceTree = "<group>"; };
		WATCHASST123456789012345678 /* Assets.xcassets */ = {isa = PBXFileReference; lastKnownFileType = folder.assetcatalog; path = Assets.xcassets; sourceTree = "<group>"; };
		6B989D4B572C7F20B3C691D2 /* LibraryFactory.swift */ = {isa = PBXFileReference; lastKnownFileType = sourcecode.swift; path = LibraryFactory.swift; sourceTree = "<group>"; };
		6D69D4E560EB4829803E9C5F /* AboutSectionView.swift */ = {isa = PBXFileReference; lastKnownFileType = sourcecode.swift; path = AboutSectionView.swift; sourceTree = "<group>"; };
		6F2B656A3EDEC5D30C04CB0A /* OPDSModule.swift */ = {isa = PBXFileReference; lastKnownFileType = sourcecode.swift; path = OPDSModule.swift; sourceTree = "<group>"; };
		6F3ACDFD2BEA6F27E3AC215D /* AudiobookViewController.swift */ = {isa = PBXFileReference; lastKnownFileType = sourcecode.swift; path = AudiobookViewController.swift; sourceTree = "<group>"; };
		71907C183EF6F9ED562C8DDF /* Base */ = {isa = PBXFileReference; lastKnownFileType = file.xib; name = Base; path = Base.lproj/PublicationMenuViewController.xib; sourceTree = "<group>"; };
		7664ECDF535E60EB1FE83088 /* Base */ = {isa = PBXFileReference; lastKnownFileType = text.plist.strings; name = Base; path = Base.lproj/Localizable.strings; sourceTree = "<group>"; };
		802E01DF5344718745EF9759 /* Localizable.strings */ = {isa = PBXFileReference; lastKnownFileType = text.plist.strings; name = Localizable.strings; path = en.lproj/Localizable.strings; sourceTree = "<group>"; };
		816C66669DBD1ABF9F20EB7B /* LibraryService.swift */ = {isa = PBXFileReference; lastKnownFileType = sourcecode.swift; path = LibraryService.swift; sourceTree = "<group>"; };
		82D663407FE728242FF837A9 /* LibraryModule.swift */ = {isa = PBXFileReference; lastKnownFileType = sourcecode.swift; path = LibraryModule.swift; sourceTree = "<group>"; };
		8627FAE710440D0649610919 /* LCPManagementTableViewController.swift */ = {isa = PBXFileReference; lastKnownFileType = sourcecode.swift; path = LCPManagementTableViewController.swift; sourceTree = "<group>"; };
		887713861EF2F9418AC144A2 /* HomeModule.swift */ = {isa = PBXFileReference; lastKnownFileType = sourcecode.swift; path = HomeModule.swift; sourceTree = "<group>"; };
		89E1A6F7ACDE11C9A2A513A8 /* ReaderModule.swift */ = {isa = PBXFileReference; lastKnownFileType = sourcecode.swift; path = ReaderModule.swift; sourceTree = "<group>"; };
		8AFD12698D59F063197FC3EB /* Base */ = {isa = PBXFileReference; lastKnownFileType = file.storyboard; name = Base; path = Base.lproj/Library.storyboard; sourceTree = "<group>"; };
		8BAF4FE882F5F77DD7DDEC99 /* OPDSCatalogsViewModel.swift */ = {isa = PBXFileReference; lastKnownFileType = sourcecode.swift; path = OPDSCatalogsViewModel.swift; sourceTree = "<group>"; };
		8DA0E6603D4969DD32E0C366 /* UIViewController.swift */ = {isa = PBXFileReference; lastKnownFileType = sourcecode.swift; path = UIViewController.swift; sourceTree = "<group>"; };
		9D5902798099C3EE8E8D95B9 /* Fonts */ = {isa = PBXFileReference; lastKnownFileType = folder; name = Fonts; path = Sources/Resources/Fonts; sourceTree = SOURCE_ROOT; };
		A1EC74F4E12B871FEF191394 /* OPDSPublicationInfoView.swift */ = {isa = PBXFileReference; lastKnownFileType = sourcecode.swift; path = OPDSPublicationInfoView.swift; sourceTree = "<group>"; };
		A7935C1E83615EA20E5F727D /* TTSViewModel.swift */ = {isa = PBXFileReference; lastKnownFileType = sourcecode.swift; path = TTSViewModel.swift; sourceTree = "<group>"; };
		A7B63A2D2FD086BF05083F8F /* OPDSCatalog.swift */ = {isa = PBXFileReference; lastKnownFileType = sourcecode.swift; path = OPDSCatalog.swift; sourceTree = "<group>"; };
		A94A4DC16BE84E52279A3438 /* PDFModule.swift */ = {isa = PBXFileReference; lastKnownFileType = sourcecode.swift; path = PDFModule.swift; sourceTree = "<group>"; };
		ADD0CD684D4BAB10B6ECAC03 /* VisualReaderViewController.swift */ = {isa = PBXFileReference; lastKnownFileType = sourcecode.swift; path = VisualReaderViewController.swift; sourceTree = "<group>"; };
		AE739B0B1AD00ED5AED7724B /* UserPreferences.swift */ = {isa = PBXFileReference; lastKnownFileType = sourcecode.swift; path = UserPreferences.swift; sourceTree = "<group>"; };
		B12B9C27210C1C03A2BE62DE /* WatchPageTurnService.swift */ = {isa = PBXFileReference; lastKnownFileType = sourcecode.swift; path = WatchPageTurnService.swift; sourceTree = "<group>"; };
		B53BD3AED1D74FFF2699F554 /* ReaderFactory.swift */ = {isa = PBXFileReference; lastKnownFileType = sourcecode.swift; path = ReaderFactory.swift; sourceTree = "<group>"; };
		BEB8635BE5EA094C2A00629C /* Base */ = {isa = PBXFileReference; lastKnownFileType = file.xib; name = Base; path = Base.lproj/PublicationCollectionViewCell.xib; sourceTree = "<group>"; };
		C0555904922A94376FE794CB /* UserError.swift */ = {isa = PBXFileReference; lastKnownFileType = sourcecode.swift; path = UserError.swift; sourceTree = "<group>"; };
		C2CEA58DCBF6A480F09C088C /* Locator.swift */ = {isa = PBXFileReference; lastKnownFileType = sourcecode.swift; path = Locator.swift; sourceTree = "<group>"; };
		C2D15A9E53D4374742A8A4B5 /* PageCommand.swift */ = {isa = PBXFileReference; lastKnownFileType = sourcecode.swift; path = PageCommand.swift; sourceTree = "<group>"; };
		C4667F53DE812B82C31FD923 /* Book.swift */ = {isa = PBXFileReference; lastKnownFileType = sourcecode.swift; path = Book.swift; sourceTree = "<group>"; };
		C491CFDC1BA64FC6015E7D23 /* Base */ = {isa = PBXFileReference; lastKnownFileType = file.storyboard; name = Base; path = Base.lproj/OPDS.storyboard; sourceTree = "<group>"; };
		C59A0A024F0BCF8919BFF5F9 /* Toast.swift */ = {isa = PBXFileReference; lastKnownFileType = sourcecode.swift; path = Toast.swift; sourceTree = "<group>"; };
		D345B3526CABD83831589416 /* TTSView.swift */ = {isa = PBXFileReference; lastKnownFileType = sourcecode.swift; path = TTSView.swift; sourceTree = "<group>"; };
		D45A11ECCDC450EA04E7FEFF /* AppModule.swift */ = {isa = PBXFileReference; lastKnownFileType = sourcecode.swift; path = AppModule.swift; sourceTree = "<group>"; };
		D56D24A5F341101F751E55C3 /* OPDSFactory.swift */ = {isa = PBXFileReference; lastKnownFileType = sourcecode.swift; path = OPDSFactory.swift; sourceTree = "<group>"; };
		D585255A46999C8768D3CBC2 /* BarButtonItem.swift */ = {isa = PBXFileReference; lastKnownFileType = sourcecode.swift; path = BarButtonItem.swift; sourceTree = "<group>"; };
		D5B287F95A1282CF890CB098 /* PagePilotWatch.app */ = {isa = PBXFileReference; explicitFileType = wrapper.application; includeInIndex = 0; path = PagePilotWatch.app; sourceTree = BUILT_PRODUCTS_DIR; };
		D69EF603726F0347A6B45665 /* UIImage.swift */ = {isa = PBXFileReference; lastKnownFileType = sourcecode.swift; path = UIImage.swift; sourceTree = "<group>"; };
		D70AFBA58E37D0F998D6A3F7 /* ReaderFormatModule.swift */ = {isa = PBXFileReference; lastKnownFileType = sourcecode.swift; path = ReaderFormatModule.swift; sourceTree = "<group>"; };
		DA422720A664B6821AA7D529 /* Info.plist */ = {isa = PBXFileReference; lastKnownFileType = text.plist; path = Info.plist; sourceTree = "<group>"; };
		DB05238E36DB983316E6C47C /* HighlightContextMenu.swift */ = {isa = PBXFileReference; lastKnownFileType = sourcecode.swift; path = HighlightContextMenu.swift; sourceTree = "<group>"; };
		DB89801140653DA8ED4AFD1E /* About.storyboard */ = {isa = PBXFileReference; lastKnownFileType = file.storyboard; path = About.storyboard; sourceTree = "<group>"; };
		DBEA2030A7E77B55426B2E03 /* Localizable.strings */ = {isa = PBXFileReference; lastKnownFileType = text.plist.strings; name = Localizable.strings; path = "zh-Hans.lproj/Localizable.strings"; sourceTree = "<group>"; };
		DD704E6A1349D5951F533C56 /* Base */ = {isa = PBXFileReference; lastKnownFileType = file.storyboard; name = Base; path = Base.lproj/DRM.storyboard; sourceTree = "<group>"; };
		E3F58C10B05F8F7762918DB4 /* Base */ = {isa = PBXFileReference; lastKnownFileType = file.storyboard; name = Base; path = Base.lproj/App.storyboard; sourceTree = "<group>"; };
		E556BE39A9716505BCE414DC /* LibraryError.swift */ = {isa = PBXFileReference; lastKnownFileType = sourcecode.swift; path = LibraryError.swift; sourceTree = "<group>"; };
		EC4793E3726F40D73811DD58 /* OPDSPlaceholderView.swift */ = {isa = PBXFileReference; lastKnownFileType = sourcecode.swift; path = OPDSPlaceholderView.swift; sourceTree = "<group>"; };
		ED9A3CF3A20BC327FDCB1A99 /* Publication.swift */ = {isa = PBXFileReference; lastKnownFileType = sourcecode.swift; path = Publication.swift; sourceTree = "<group>"; };
		EE56BD15CF1C12FD76DB0C02 /* LibraryViewController.swift */ = {isa = PBXFileReference; lastKnownFileType = sourcecode.swift; path = LibraryViewController.swift; sourceTree = "<group>"; };
		FEF4D3667F1B05A11DE7F79E /* Info.plist */ = {isa = PBXFileReference; lastKnownFileType = text.plist; path = Info.plist; sourceTree = "<group>"; };
		FF40A2122433936DCE54F2A2 /* pagepilot.entitlements */ = {isa = PBXFileReference; lastKnownFileType = text.plist.entitlements; path = pagepilot.entitlements; sourceTree = "<group>"; };
		PRIVACY0001A2B3C4D5E6F7 /* PrivacyInfo.xcprivacy */ = {isa = PBXFileReference; lastKnownFileType = text.xml; path = PrivacyInfo.xcprivacy; sourceTree = "<group>"; };
/* End PBXFileReference section */

/* Begin PBXFrameworksBuildPhase section */
		A0F38A93BF6F75FED741F994 /* Frameworks */ = {
			isa = PBXFrameworksBuildPhase;
			buildActionMask = 2147483647;
			files = (
				0770E830103BBA269C86E6A6 /* ReadiumShared in Frameworks */,
				BD0DE9C706B44EB9C9E1643D /* ReadiumStreamer in Frameworks */,
				B2AC15D1430277BCF66B41A3 /* ReadiumNavigator in Frameworks */,
				BFC93767CFC78A7D656E5908 /* ReadiumAdapterGCDWebServer in Frameworks */,
				2C254C022831D5191216D859 /* ReadiumOPDS in Frameworks */,
				8440CF6FEDA066FD767E01D2 /* GRDB in Frameworks */,
				FD9A1B87D37F82668C89BC7F /* Kingfisher in Frameworks */,
				623540415F286DFA546F2D4C /* MBProgressHUD in Frameworks */,
			);
			runOnlyForDeploymentPostprocessing = 0;
		};
/* End PBXFrameworksBuildPhase section */

/* Begin PBXGroup section */
		0D95D9F43EDCF19F73B5EAF9 /* Toolkit */ = {
			isa = PBXGroup;
			children = (
				D585255A46999C8768D3CBC2 /* BarButtonItem.swift */,
				2D87B9294D60A81B14F8DB44 /* ScreenOrientation.swift */,
				52104DBE4AD00FF52AC9B7F7 /* Extensions */,
			);
			path = Toolkit;
			sourceTree = "<group>";
		};
		0F3C7296F3DB3AD6D58D7B8A /* Data */ = {
			isa = PBXGroup;
			children = (
				C4667F53DE812B82C31FD923 /* Book.swift */,
				5E8A1A65F68EC5042259DF4D /* Bookmark.swift */,
				2FAB8ACF6B564AA02C9CD588 /* Database.swift */,
				332A8241704543B2EDD01A87 /* Highlight.swift */,
				17C2938BC9582E89D37DD539 /* UserPreferencesStore.swift */,
			);
			path = Data;
			sourceTree = "<group>";
		};
		0F83CC5FC7630ABB2757DE45 /* Common */ = {
			isa = PBXGroup;
			children = (
				4EA9A45A5D791B9589444DC5 /* ReaderViewController.swift */,
				ADD0CD684D4BAB10B6ECAC03 /* VisualReaderViewController.swift */,
				661D89DD87CDC62E53E2169B /* Bookmark */,
				A57F3B8470C45BFCD52A7E9D /* DRM */,
				99EDEAB85E6472CD7E933CFD /* Highlight */,
				B573BEAD8936E1208DEB5FA1 /* Outline */,
				B08C3E6F01F2695C6C8068FA /* Preferences */,
				B8CF4DCAB9C14717DAB9A6D6 /* Search */,
				65910C0BB6B9193568BDF8B9 /* TTS */,
			);
			path = Common;
			sourceTree = "<group>";
		};
		1DBD1F81A6D169D1062FE307 /* OPDSCatalogs */ = {
			isa = PBXGroup;
			children = (
				56594F58C879EF91E9DEFBE4 /* EditOPDSCatalogView.swift */,
				A7B63A2D2FD086BF05083F8F /* OPDSCatalog.swift */,
				09EB51A647D02FEFB069368A /* OPDSCatalogRow.swift */,
				2093F7B816F304E846E3C29A /* OPDSCatalogsView.swift */,
				8BAF4FE882F5F77DD7DDEC99 /* OPDSCatalogsViewModel.swift */,
			);
			path = OPDSCatalogs;
			sourceTree = "<group>";
		};
		1F169751DB72CBCCFD7C49F9 /* OPDSFeeds */ = {
			isa = PBXGroup;
			children = (
				15D71AA730196E0127A02E21 /* OPDSFacetView.swift */,
				14AA17D74666FF325E81E692 /* OPDSFeedView.swift */,
				2FFAFE701884B3A6CC171B73 /* OPDSFeedViewModel.swift */,
				4AAAD6362C38B082481EA9BC /* OPDSGroupRow.swift */,
				3EA58EE91248D68FFC8C546C /* OPDSNavigationRow.swift */,
				A1EC74F4E12B871FEF191394 /* OPDSPublicationInfoView.swift */,
				5C7C9E25CAFFDEB490B3162A /* OPDSPublicationItemView.swift */,
			);
			path = OPDSFeeds;
			sourceTree = "<group>";
		};
		22BC06628CE2B50D455F00F8 /* Sources */ = {
			isa = PBXGroup;
			children = (
				4D16059811BD2C2BEF0C3A49 /* AppDelegate.swift */,
				FEF4D3667F1B05A11DE7F79E /* Info.plist */,
				FF40A2122433936DCE54F2A2 /* pagepilot.entitlements */,
				9827743276795E1CAB33D66D /* About */,
				E750CF30465AC47FA1C9085D /* App */,
				41CBD1FD8C9CEFD4A2F66078 /* Common */,
				0F3C7296F3DB3AD6D58D7B8A /* Data */,
				B801544785471798BF0F6B0B /* Home */,
				91FD06F0553931D0CA3D67FC /* LCP */,
				FC77EF4FD5E070381AB5CD7E /* Library */,
				D1B5D70921188FE8D4EBB5D8 /* OPDS */,
				4B708F49565EEAC4C1208CB6 /* Reader */,
				BF980B3E3CFEA89298DD8937 /* Resources */,
			);
			path = Sources;
			sourceTree = "<group>";
		};
		41CBD1FD8C9CEFD4A2F66078 /* Common */ = {
			isa = PBXGroup;
			children = (
				5E7E8D2E6C8E4E8F45EF2BC1 /* Paths.swift */,
				ED9A3CF3A20BC327FDCB1A99 /* Publication.swift */,
				C0555904922A94376FE794CB /* UserError.swift */,
				0D95D9F43EDCF19F73B5EAF9 /* Toolkit */,
				4CF6848505EC2159BFCA834B /* UX */,
			);
			path = Common;
			sourceTree = "<group>";
		};
		4B708F49565EEAC4C1208CB6 /* Reader */ = {
			isa = PBXGroup;
			children = (
				5558B74DD2891D2133578053 /* ReaderError.swift */,
				B53BD3AED1D74FFF2699F554 /* ReaderFactory.swift */,
				D70AFBA58E37D0F998D6A3F7 /* ReaderFormatModule.swift */,
				89E1A6F7ACDE11C9A2A513A8 /* ReaderModule.swift */,
				C59A0A024F0BCF8919BFF5F9 /* Toast.swift */,
				B85247809466DA2A5D5263C5 /* Audiobook */,
				0F83CC5FC7630ABB2757DE45 /* Common */,
				EB5C275CA513E1D7AC1EC892 /* EPUB */,
				FE3417B3BD2E3F6D5BE3C939 /* PDF */,
			);
			path = Reader;
			sourceTree = "<group>";
		};
		4CF6848505EC2159BFCA834B /* UX */ = {
			isa = PBXGroup;
			children = (
				24472CC384FE3DAF90CA940A /* IconButton.swift */,
			);
			path = UX;
			sourceTree = "<group>";
		};
		52104DBE4AD00FF52AC9B7F7 /* Extensions */ = {
			isa = PBXGroup;
			children = (
				1895D24415C4CE1D979D82BD /* AnyPublisher.swift */,
				240397045C9D990C64393598 /* Future.swift */,
				C2CEA58DCBF6A480F09C088C /* Locator.swift */,
				D69EF603726F0347A6B45665 /* UIImage.swift */,
				8DA0E6603D4969DD32E0C366 /* UIViewController.swift */,
				177E7755BBB078929A6DF1AB /* URL.swift */,
			);
			path = Extensions;
			sourceTree = "<group>";
		};
		57F1A819A6DC70D68F1FA0CF /* Products */ = {
			isa = PBXGroup;
			children = (
				3452D6003A30E50BFD72E39F /* PagePilot.app */,
				D5B287F95A1282CF890CB098 /* PagePilotWatch.app */,
			);
			name = Products;
			sourceTree = "<group>";
		};
		5A4E78548893BC2230C58937 /* WatchRemote */ = {
			isa = PBXGroup;
			children = (
				1583B083ACD4EF959F1AEAC5 /* ContentView.swift */,
				DA422720A664B6821AA7D529 /* Info.plist */,
				DD3C3128D703D3FFE4459D36 /* Localizable.strings */,
				624A0908024583EAA723EF37 /* WatchConnectivityManager.swift */,
				459015DF4D10FB8B005B017F /* WatchRemoteApp.swift */,
				WATCHASST123456789012345678 /* Assets.xcassets */,
			);
			name = WatchRemote;
			path = Sources/WatchRemote;
			sourceTree = "<group>";
		};
		65910C0BB6B9193568BDF8B9 /* TTS */ = {
			isa = PBXGroup;
			children = (
				D345B3526CABD83831589416 /* TTSView.swift */,
				A7935C1E83615EA20E5F727D /* TTSViewModel.swift */,
			);
			path = TTS;
			sourceTree = "<group>";
		};
		661D89DD87CDC62E53E2169B /* Bookmark */ = {
			isa = PBXGroup;
			children = (
				36344EB8BDDF407AE9443828 /* BookmarkCellView.swift */,
			);
			path = Bookmark;
			sourceTree = "<group>";
		};
		819C2107E03C9E88C7C1BC36 /* Shared */ = {
			isa = PBXGroup;
			children = (
				C2D15A9E53D4374742A8A4B5 /* PageCommand.swift */,
			);
			path = Shared;
			sourceTree = "<group>";
		};
		91FD06F0553931D0CA3D67FC /* LCP */ = {
			isa = PBXGroup;
			children = (
				498B0C1C2A5BBB4635DB9205 /* LCPModule.swift */,
			);
			path = LCP;
			sourceTree = "<group>";
		};
		9827743276795E1CAB33D66D /* About */ = {
			isa = PBXGroup;
			children = (
				DB89801140653DA8ED4AFD1E /* About.storyboard */,
				6D69D4E560EB4829803E9C5F /* AboutSectionView.swift */,
				08CA4E4B1A10D99A2C58B421 /* AboutView.swift */,
			);
			path = About;
			sourceTree = "<group>";
		};
		99EDEAB85E6472CD7E933CFD /* Highlight */ = {
			isa = PBXGroup;
			children = (
				131E7CACE1290AE0E3E01703 /* HighlightCellView.swift */,
				DB05238E36DB983316E6C47C /* HighlightContextMenu.swift */,
			);
			path = Highlight;
			sourceTree = "<group>";
		};
		A57F3B8470C45BFCD52A7E9D /* DRM */ = {
			isa = PBXGroup;
			children = (
				E3CF731283C1800ED315C9C7 /* DRM.storyboard */,
				8627FAE710440D0649610919 /* LCPManagementTableViewController.swift */,
				29CA5455089052F77F11B978 /* LCPViewModel.swift */,
			);
			path = DRM;
			sourceTree = "<group>";
		};
		B08C3E6F01F2695C6C8068FA /* Preferences */ = {
			isa = PBXGroup;
			children = (
				AE739B0B1AD00ED5AED7724B /* UserPreferences.swift */,
			);
			path = Preferences;
			sourceTree = "<group>";
		};
		B573BEAD8936E1208DEB5FA1 /* Outline */ = {
			isa = PBXGroup;
			children = (
				18E47B50CA8A985AC011685C /* OutlineTableView.swift */,
				4C02ED776EAD698A1FC04AF3 /* OutlineViewModels.swift */,
			);
			path = Outline;
			sourceTree = "<group>";
		};
		B801544785471798BF0F6B0B /* Home */ = {
			isa = PBXGroup;
			children = (
				887713861EF2F9418AC144A2 /* HomeModule.swift */,
				5A60E50BAA359799EAA57CB6 /* HomeView.swift */,
				6923A657985AAB548FFBBD2D /* ReadingTimeManager.swift */,
			);
			path = Home;
			sourceTree = "<group>";
		};
		B85247809466DA2A5D5263C5 /* Audiobook */ = {
			isa = PBXGroup;
			children = (
				62967626DB216BAB7677B5A2 /* AudiobookModule.swift */,
				6F3ACDFD2BEA6F27E3AC215D /* AudiobookViewController.swift */,
			);
			path = Audiobook;
			sourceTree = "<group>";
		};
		B8CF4DCAB9C14717DAB9A6D6 /* Search */ = {
			isa = PBXGroup;
			children = (
				524C0809454B8ADD80DC2311 /* SearchView.swift */,
				5C78E8EB5BCCEF02217049C6 /* SearchViewModel.swift */,
			);
			path = Search;
			sourceTree = "<group>";
		};
		BB829802149A246C18E13A29 /* Services */ = {
			isa = PBXGroup;
			children = (
				B12B9C27210C1C03A2BE62DE /* WatchPageTurnService.swift */,
			);
			path = Services;
			sourceTree = "<group>";
		};
		BF980B3E3CFEA89298DD8937 /* Resources */ = {
			isa = PBXGroup;
			children = (
				694BDEB5CE7C0CB8BA260381 /* Assets.xcassets */,
				802E01DF5344718745EF9759 /* Localizable.strings */,
				DBEA2030A7E77B55426B2E03 /* Localizable.strings */,
				PRIVACY0001A2B3C4D5E6F7 /* PrivacyInfo.xcprivacy */,
			);
			path = Resources;
			sourceTree = "<group>";
		};
		D1B5D70921188FE8D4EBB5D8 /* OPDS */ = {
			isa = PBXGroup;
			children = (
				9BE76A99743EF981F8CD2AC3 /* OPDS.storyboard */,
				D56D24A5F341101F751E55C3 /* OPDSFactory.swift */,
				6F2B656A3EDEC5D30C04CB0A /* OPDSModule.swift */,
				EC4793E3726F40D73811DD58 /* OPDSPlaceholderView.swift */,
				5FEA41A18766AC1F731DC6D8 /* OPDSPublicationInfoViewController.swift */,
				1DBD1F81A6D169D1062FE307 /* OPDSCatalogs */,
				1F169751DB72CBCCFD7C49F9 /* OPDSFeeds */,
			);
			path = OPDS;
			sourceTree = "<group>";
		};
		E750CF30465AC47FA1C9085D /* App */ = {
			isa = PBXGroup;
			children = (
				65C350B240800F5CCB573330 /* AboutTableViewController.swift */,
				6F8CD21F333B1F4192F8A861 /* App.storyboard */,
				D45A11ECCDC450EA04E7FEFF /* AppModule.swift */,
				00C859D3B6781923356D08BC /* Readium.swift */,
				BB829802149A246C18E13A29 /* Services */,
			);
			path = App;
			sourceTree = "<group>";
		};
		EB5C275CA513E1D7AC1EC892 /* EPUB */ = {
			isa = PBXGroup;
			children = (
				676E011FB9B8B9A2BEE038E0 /* EPUBModule.swift */,
				178105C26BFF5F19FC32A6F8 /* EPUBViewController.swift */,
			);
			path = EPUB;
			sourceTree = "<group>";
		};
		FC77EF4FD5E070381AB5CD7E /* Library */ = {
			isa = PBXGroup;
			children = (
				041E91A0617E229E4A12DB72 /* Library.storyboard */,
				E556BE39A9716505BCE414DC /* LibraryError.swift */,
				6B989D4B572C7F20B3C691D2 /* LibraryFactory.swift */,
				82D663407FE728242FF837A9 /* LibraryModule.swift */,
				816C66669DBD1ABF9F20EB7B /* LibraryService.swift */,
				EE56BD15CF1C12FD76DB0C02 /* LibraryViewController.swift */,
				4ECF764398E6E471DE035246 /* PublicationCollectionViewCell.swift */,
				369A1A786DC34B84BB19DC78 /* PublicationCollectionViewCell.xib */,
				51A2756F1186E08AED27BC0E /* PublicationMenuViewController.swift */,
				A01D56D366010E6382DBD2B3 /* PublicationMenuViewController.xib */,
				23B15673E0DFC61AB6AF1DE7 /* PublicationMetadataView.swift */,
			);
			path = Library;
			sourceTree = "<group>";
		};
		FCE066E78280B33B8B1C6239 = {
			isa = PBXGroup;
			children = (
				9D5902798099C3EE8E8D95B9 /* Fonts */,
				819C2107E03C9E88C7C1BC36 /* Shared */,
				22BC06628CE2B50D455F00F8 /* Sources */,
				5A4E78548893BC2230C58937 /* WatchRemote */,
				57F1A819A6DC70D68F1FA0CF /* Products */,
			);
			sourceTree = "<group>";
		};
		FE3417B3BD2E3F6D5BE3C939 /* PDF */ = {
			isa = PBXGroup;
			children = (
				A94A4DC16BE84E52279A3438 /* PDFModule.swift */,
				4D9D2ACEE0154486BBCCD2B2 /* PDFViewController.swift */,
			);
			path = PDF;
			sourceTree = "<group>";
		};
/* End PBXGroup section */

/* Begin PBXNativeTarget section */
		76A5899AC0394DE9CD301C46 /* PagePilot */ = {
			isa = PBXNativeTarget;
			buildConfigurationList = 5B9672BF1F25F05028133C0B /* Build configuration list for PBXNativeTarget "PagePilot" */;
			buildPhases = (
				14EF096BAD785ABC4B1680C4 /* Sources */,
				53AB036A1D8463AC684726FB /* Resources */,
				A0F38A93BF6F75FED741F994 /* Frameworks */,
				8E2FE55A41690E14E6A9359C /* Embed Watch Content */,
			);
			buildRules = (
			);
			dependencies = (
				83471A177E5164782960BFB1 /* PBXTargetDependency */,
			);
			name = PagePilot;
			packageProductDependencies = (
				7498BDB1A48B56ECEAA3F18C /* ReadiumShared */,
				7B48E666961D446046AECB38 /* ReadiumStreamer */,
				353DFD22F3ACDD4205064F5B /* ReadiumNavigator */,
				4A2698E7CCB066776CB9F70B /* ReadiumAdapterGCDWebServer */,
				3625E51E58424FCC5DD3B97F /* ReadiumOPDS */,
				48B31D9ECEB98C5040A63F56 /* GRDB */,
				B9D8E7DA6EE0C6772F4072EF /* Kingfisher */,
				3C3D34DFF9245C495B9DF145 /* MBProgressHUD */,
			);
			productName = PagePilot;
			productReference = 3452D6003A30E50BFD72E39F /* PagePilot.app */;
			productType = "com.apple.product-type.application";
		};
		BD5410D9566E7DFEBEBE9BC5 /* PagePilotWatch */ = {
			isa = PBXNativeTarget;
			buildConfigurationList = 5E3ABA15D78C60A41439F701 /* Build configuration list for PBXNativeTarget "PagePilotWatch" */;
			buildPhases = (
				27C79657EE97853898ABB4BC /* Sources */,
				00FACE1A2432FBCB5CB5F014 /* Resources */,
			);
			buildRules = (
			);
			dependencies = (
			);
			name = PagePilotWatch;
			packageProductDependencies = (
			);
			productName = PagePilotWatch;
			productReference = D5B287F95A1282CF890CB098 /* PagePilotWatch.app */;
			productType = "com.apple.product-type.application";
		};
/* End PBXNativeTarget section */

/* Begin PBXProject section */
		1D376775B4D66BFF6381EB9C /* Project object */ = {
			isa = PBXProject;
			attributes = {
				BuildIndependentTargetsInParallel = YES;
				LastUpgradeCheck = 1430;
			};
			buildConfigurationList = 14EC1A6774BAE9BB93E314F0 /* Build configuration list for PBXProject "PagePilot" */;
			compatibilityVersion = "Xcode 14.0";
			developmentRegion = en;
			hasScannedForEncodings = 0;
			knownRegions = (
				Base,
				en,
				"zh-Hans",
			);
			mainGroup = FCE066E78280B33B8B1C6239;
			minimizedProjectReferenceProxies = 1;
			packageReferences = (
				FE59F0C18677C77BC4E875EB /* XCRemoteSwiftPackageReference "GRDB.swift" */,
				DADB9F880B25F1BABE369EF9 /* XCRemoteSwiftPackageReference "Kingfisher" */,
				A278B036A1F988FB7AAFB9E4 /* XCRemoteSwiftPackageReference "MBProgressHUD" */,
				80FA1DBC2E9576A8D1CA0639 /* XCRemoteSwiftPackageReference "swift-toolkit" */,
				0DE0538F1D6701C274268336 /* XCRemoteSwiftPackageReference "SwiftSoup" */,
			);
			projectDirPath = "";
			projectRoot = "";
			targets = (
				76A5899AC0394DE9CD301C46 /* PagePilot */,
				BD5410D9566E7DFEBEBE9BC5 /* PagePilotWatch */,
			);
		};
/* End PBXProject section */

/* Begin PBXResourcesBuildPhase section */
		00FACE1A2432FBCB5CB5F014 /* Resources */ = {
			isa = PBXResourcesBuildPhase;
			buildActionMask = 2147483647;
			files = (
				3822E72B4986CF57D2A44846 /* Localizable.strings in Resources */,
				WATCHASSETBUILDX12345678901 /* Assets.xcassets in Resources */,
			);
			runOnlyForDeploymentPostprocessing = 0;
		};
		53AB036A1D8463AC684726FB /* Resources */ = {
			isa = PBXResourcesBuildPhase;
			buildActionMask = 2147483647;
			files = (
				E4DA59866A250AAA57704BB5 /* About.storyboard in Resources */,
				E6D146A76EB17176D12CF6DA /* App.storyboard in Resources */,
				70806694CA4142EC6BE21AEA /* Assets.xcassets in Resources */,
				74C5A728A5472DC977E682CF /* DRM.storyboard in Resources */,
				5ACC91C220CA6B29D7D20269 /* Fonts in Resources */,
				170780DD70076A3034688F10 /* Library.storyboard in Resources */,
				DF8FE15437316626D7ED14EF /* Localizable.strings in Resources */,
				53E3DAE348DA4A9B593469D3 /* Localizable.strings in Resources */,
				8479AF25CE7A19F643B5D33D /* OPDS.storyboard in Resources */,
				DCDB6FBAC53F9F4B0C302759 /* PublicationCollectionViewCell.xib in Resources */,
				B267E78537DF003C24F79365 /* PublicationMenuViewController.xib in Resources */,
				PRIVACY0002A2B3C4D5E6F7 /* PrivacyInfo.xcprivacy in Resources */,
			);
			runOnlyForDeploymentPostprocessing = 0;
		};
/* End PBXResourcesBuildPhase section */

/* Begin PBXSourcesBuildPhase section */
		14EF096BAD785ABC4B1680C4 /* Sources */ = {
			isa = PBXSourcesBuildPhase;
			buildActionMask = 2147483647;
			files = (
				0A55B7EE2DE0F7D9F50F009A /* AboutSectionView.swift in Sources */,
				CD2DAB4D4FA7413E9DACB2D7 /* AboutTableViewController.swift in Sources */,
				EC4DADC428E83E9AF6FC580F /* AboutView.swift in Sources */,
				5B31B63F319C2E22FD99251B /* AnyPublisher.swift in Sources */,
				4D470CC7F4BF395055606FFA /* AppDelegate.swift in Sources */,
				3F2637C3951644076155DE86 /* AppModule.swift in Sources */,
				3185C8B505350401403725BD /* AudiobookModule.swift in Sources */,
				AB1F4E273AF69598F756DEAA /* AudiobookViewController.swift in Sources */,
				855E2D2F18B0F4B632409D4A /* BarButtonItem.swift in Sources */,
				9C5AA93B59D0794452D4B623 /* Book.swift in Sources */,
				EB50271922B87EE0074B5E96 /* Bookmark.swift in Sources */,
				1301356D92DDA4102D6EEDBC /* BookmarkCellView.swift in Sources */,
				C83C05BD3E8160B18E30492D /* Database.swift in Sources */,
				9536B73881D8B2990F824085 /* EPUBModule.swift in Sources */,
				246CE1BD19E31E8CAA5F2DC0 /* EPUBViewController.swift in Sources */,
				C38AA876F96A380EAF6D119C /* EditOPDSCatalogView.swift in Sources */,
				8E2DD7D95A03DF3B73E2D2D3 /* Future.swift in Sources */,
				BE18DA2D0F5CD368FD5EA32B /* Highlight.swift in Sources */,
				2AFB2B96D9FBA573769DA99B /* HighlightCellView.swift in Sources */,
				6EB86A009D1A23ABD8010A3D /* HighlightContextMenu.swift in Sources */,
				0BE350D97BDD701300254B56 /* HomeModule.swift in Sources */,
				B3FDBA976D9DD8DEA643DF37 /* HomeView.swift in Sources */,
				6CC69048746FEA1682303D03 /* IconButton.swift in Sources */,
				4AEFD509B3CDCB8C858E7506 /* LCPManagementTableViewController.swift in Sources */,
				2014AE08B3CA61C9A465499D /* LCPModule.swift in Sources */,
				9DB7A28FD3B3CF321ED301A9 /* LCPViewModel.swift in Sources */,
				241CA724AE151194CBCCF6F7 /* LibraryError.swift in Sources */,
				98D7D18BF11505849A36AA65 /* LibraryFactory.swift in Sources */,
				92005252C16D8F66A660C749 /* LibraryModule.swift in Sources */,
				F00823C37FCA888C32B92636 /* LibraryService.swift in Sources */,
				92AC4F8E3718F5D2E825F155 /* LibraryViewController.swift in Sources */,
				2C8DD4ACB60CD5DB3873D8C1 /* Locator.swift in Sources */,
				5801C06D7ED7B2F2BE67F715 /* OPDSCatalog.swift in Sources */,
				AA525D16EA15749798C12682 /* OPDSCatalogRow.swift in Sources */,
				606DDBE8BCAF3E5D6BB0262F /* OPDSCatalogsView.swift in Sources */,
				2AFC36A1B4D06924FB33ABBD /* OPDSCatalogsViewModel.swift in Sources */,
				1F60000FEAAF17C55EA13BF5 /* OPDSFacetView.swift in Sources */,
				CCA15EA9BFF8055E0AD81870 /* OPDSFactory.swift in Sources */,
				9EBA41B2CA0BF9BD8E76DCAC /* OPDSFeedView.swift in Sources */,
				937A2EB38712371A1D422C1E /* OPDSFeedViewModel.swift in Sources */,
				C9386750AF6012D1BFBFD017 /* OPDSGroupRow.swift in Sources */,
				22F0B7870B81C762DAB0E733 /* OPDSModule.swift in Sources */,
				C98DAEFD88A550A668129397 /* OPDSNavigationRow.swift in Sources */,
				8C180CDB39A97A21567B4B4B /* OPDSPlaceholderView.swift in Sources */,
				0815F8C75C98F6A74480AC43 /* PageCommand.swift in Sources */,
				D5E2EDA4116CB3BBDED6AFB4 /* OPDSPublicationInfoView.swift in Sources */,
				D3C4E4A0FD8B7A55A20EB0F7 /* OPDSPublicationInfoViewController.swift in Sources */,
				D5C287C3CAEB8A8873EF4113 /* OPDSPublicationItemView.swift in Sources */,
				483C23D985DD14597324C2EA /* OutlineTableView.swift in Sources */,
				81E58F5FD6182D46FA3FFD8F /* OutlineViewModels.swift in Sources */,
				104BA34DD595B17FB70E76F5 /* PDFModule.swift in Sources */,
				78CB2D8372C5E22D60B0F8D4 /* PDFViewController.swift in Sources */,
				9EF618C55662D50B612DA755 /* Paths.swift in Sources */,
				CEC59B3405B6C00D2093D75A /* Publication.swift in Sources */,
				42CBB58D1961BEE54CCBFB67 /* PublicationCollectionViewCell.swift in Sources */,
				6923E4F8BF42DC9055831948 /* PublicationMenuViewController.swift in Sources */,
				B99AE12CF65285255CD510A5 /* PublicationMetadataView.swift in Sources */,
				F178C6EF6B0CE8D923153EAB /* ReaderError.swift in Sources */,
				B175A230D1FD2A3475D9A409 /* ReaderFactory.swift in Sources */,
				BA3194FFE7E8947B41CD9DFA /* ReaderFormatModule.swift in Sources */,
				5A1698C2F2297B670C92316F /* ReaderModule.swift in Sources */,
				6476511A20B37A06D72AC550 /* ReaderViewController.swift in Sources */,
				5109C6737A521D4BE5E690AF /* ReadingTimeManager.swift in Sources */,
				A401BC5206E906447292487E /* Readium.swift in Sources */,
				B934211127BA977B1EF3B457 /* ScreenOrientation.swift in Sources */,
				A8DC2852D0DF510247ED60F5 /* SearchView.swift in Sources */,
				761B2F56C1DA2CAD630A4B33 /* SearchViewModel.swift in Sources */,
				2DD9AAF066BC2FA01FD21899 /* TTSView.swift in Sources */,
				A4A0CB5CCD9F822197DB316A /* TTSViewModel.swift in Sources */,
				CD0BAFE5B88B0DDBB7C911CF /* Toast.swift in Sources */,
				F43044371FAE9BCBB0825C47 /* UIImage.swift in Sources */,
				A2B1AE4CEF5F4E1F8EF6BF49 /* UIViewController.swift in Sources */,
				9D2F637F891561867453C159 /* URL.swift in Sources */,
				C3E454DA2E428D28F6890F35 /* UserError.swift in Sources */,
				7DBDEC479631A9E7A923ED4C /* UserPreferences.swift in Sources */,
				151F11A63462E9CE0988DE33 /* UserPreferencesStore.swift in Sources */,
				8B829D2A9A112BCFF248E32F /* VisualReaderViewController.swift in Sources */,
				2013BD8DE442F660D510F809 /* WatchPageTurnService.swift in Sources */,
			);
			runOnlyForDeploymentPostprocessing = 0;
		};
		27C79657EE97853898ABB4BC /* Sources */ = {
			isa = PBXSourcesBuildPhase;
			buildActionMask = 2147483647;
			files = (
				641EEC412231AA2160F2A390 /* ContentView.swift in Sources */,
				0815F8C75C98F6A74480AC43 /* PageCommand.swift in Sources */,
				1B69EB59271FDB9297C94773 /* WatchConnectivityManager.swift in Sources */,
				D1D665D751732216E7B60DA1 /* WatchRemoteApp.swift in Sources */,
			);
			runOnlyForDeploymentPostprocessing = 0;
		};
/* End PBXSourcesBuildPhase section */

/* Begin PBXTargetDependency section */
		83471A177E5164782960BFB1 /* PBXTargetDependency */ = {
			isa = PBXTargetDependency;
			target = BD5410D9566E7DFEBEBE9BC5 /* PagePilotWatch */;
			targetProxy = DEE432E2C3D6EA2AFAF41363 /* PBXContainerItemProxy */;
		};
/* End PBXTargetDependency section */

/* Begin PBXVariantGroup section */
		041E91A0617E229E4A12DB72 /* Library.storyboard */ = {
			isa = PBXVariantGroup;
			children = (
				8AFD12698D59F063197FC3EB /* Base */,
			);
			name = Library.storyboard;
			sourceTree = "<group>";
		};
		369A1A786DC34B84BB19DC78 /* PublicationCollectionViewCell.xib */ = {
			isa = PBXVariantGroup;
			children = (
				BEB8635BE5EA094C2A00629C /* Base */,
			);
			name = PublicationCollectionViewCell.xib;
			sourceTree = "<group>";
		};
		6F8CD21F333B1F4192F8A861 /* App.storyboard */ = {
			isa = PBXVariantGroup;
			children = (
				E3F58C10B05F8F7762918DB4 /* Base */,
			);
			name = App.storyboard;
			sourceTree = "<group>";
		};
		9BE76A99743EF981F8CD2AC3 /* OPDS.storyboard */ = {
			isa = PBXVariantGroup;
			children = (
				C491CFDC1BA64FC6015E7D23 /* Base */,
			);
			name = OPDS.storyboard;
			sourceTree = "<group>";
		};
		A01D56D366010E6382DBD2B3 /* PublicationMenuViewController.xib */ = {
			isa = PBXVariantGroup;
			children = (
				71907C183EF6F9ED562C8DDF /* Base */,
				2B94B2ED1DDE50FA51FBF72D /* en */,
			);
			name = PublicationMenuViewController.xib;
			sourceTree = "<group>";
		};
		DD3C3128D703D3FFE4459D36 /* Localizable.strings */ = {
			isa = PBXVariantGroup;
			children = (
				7664ECDF535E60EB1FE83088 /* Base */,
				448A9EFAF84B388BCA0C9E9F /* zh-Hans */,
			);
			name = Localizable.strings;
			sourceTree = "<group>";
		};
		E3CF731283C1800ED315C9C7 /* DRM.storyboard */ = {
			isa = PBXVariantGroup;
			children = (
				DD704E6A1349D5951F533C56 /* Base */,
			);
			name = DRM.storyboard;
			sourceTree = "<group>";
		};
/* End PBXVariantGroup section */

/* Begin XCBuildConfiguration section */
		1C9EF6644EAEBEF8FF5D1578 /* Debug */ = {
			isa = XCBuildConfiguration;
			buildSettings = {
				ASSETCATALOG_COMPILER_APPICON_NAME = AppIcon;
				CODE_SIGN_IDENTITY = "iPhone Developer";
				DEVELOPMENT_TEAM = 29C8MS76CZ;
				INFOPLIST_FILE = Sources/Info.plist;
				IPHONEOS_DEPLOYMENT_TARGET = 18.0;
				LD_RUNPATH_SEARCH_PATHS = (
					"$(inherited)",
					"@executable_path/Frameworks",
				);
				PRODUCT_BUNDLE_IDENTIFIER = com.panyang.PagePilot;
				SDKROOT = iphoneos;
				TARGETED_DEVICE_FAMILY = 1;
			};
			name = Debug;
		};
		300A6E51B13D632B91BAC6B5 /* Debug */ = {
			isa = XCBuildConfiguration;
			buildSettings = {
				ALWAYS_SEARCH_USER_PATHS = NO;
				CLANG_ANALYZER_NONNULL = YES;
				CLANG_ANALYZER_NUMBER_OBJECT_CONVERSION = YES_AGGRESSIVE;
				CLANG_CXX_LANGUAGE_STANDARD = "gnu++14";
				CLANG_CXX_LIBRARY = "libc++";
				CLANG_ENABLE_MODULES = YES;
				CLANG_ENABLE_OBJC_ARC = YES;
				CLANG_ENABLE_OBJC_WEAK = YES;
				CLANG_WARN_BLOCK_CAPTURE_AUTORELEASING = YES;
				CLANG_WARN_BOOL_CONVERSION = YES;
				CLANG_WARN_COMMA = YES;
				CLANG_WARN_CONSTANT_CONVERSION = YES;
				CLANG_WARN_DEPRECATED_OBJC_IMPLEMENTATIONS = YES;
				CLANG_WARN_DIRECT_OBJC_ISA_USAGE = YES_ERROR;
				CLANG_WARN_DOCUMENTATION_COMMENTS = YES;
				CLANG_WARN_EMPTY_BODY = YES;
				CLANG_WARN_ENUM_CONVERSION = YES;
				CLANG_WARN_INFINITE_RECURSION = YES;
				CLANG_WARN_INT_CONVERSION = YES;
				CLANG_WARN_NON_LITERAL_NULL_CONVERSION = YES;
				CLANG_WARN_OBJC_IMPLICIT_RETAIN_SELF = YES;
				CLANG_WARN_OBJC_LITERAL_CONVERSION = YES;
				CLANG_WARN_OBJC_ROOT_CLASS = YES_ERROR;
				CLANG_WARN_QUOTED_INCLUDE_IN_FRAMEWORK_HEADER = YES;
				CLANG_WARN_RANGE_LOOP_ANALYSIS = YES;
				CLANG_WARN_STRICT_PROTOTYPES = YES;
				CLANG_WARN_SUSPICIOUS_MOVE = YES;
				CLANG_WARN_UNGUARDED_AVAILABILITY = YES_AGGRESSIVE;
				CLANG_WARN_UNREACHABLE_CODE = YES;
				CLANG_WARN__DUPLICATE_METHOD_MATCH = YES;
				COPY_PHASE_STRIP = NO;
				DEBUG_INFORMATION_FORMAT = dwarf;
				ENABLE_STRICT_OBJC_MSGSEND = YES;
				ENABLE_TESTABILITY = YES;
				GCC_C_LANGUAGE_STANDARD = gnu11;
				GCC_DYNAMIC_NO_PIC = NO;
				GCC_NO_COMMON_BLOCKS = YES;
				GCC_OPTIMIZATION_LEVEL = 0;
				GCC_PREPROCESSOR_DEFINITIONS = (
					"$(inherited)",
					"DEBUG=1",
				);
				GCC_WARN_64_TO_32_BIT_CONVERSION = YES;
				GCC_WARN_ABOUT_RETURN_TYPE = YES_ERROR;
				GCC_WARN_UNDECLARED_SELECTOR = YES;
				GCC_WARN_UNINITIALIZED_AUTOS = YES_AGGRESSIVE;
				GCC_WARN_UNUSED_FUNCTION = YES;
				GCC_WARN_UNUSED_VARIABLE = YES;
				MTL_ENABLE_DEBUG_INFO = INCLUDE_SOURCE;
				MTL_FAST_MATH = YES;
				ONLY_ACTIVE_ARCH = YES;
				PRODUCT_NAME = "$(TARGET_NAME)";
				SWIFT_ACTIVE_COMPILATION_CONDITIONS = DEBUG;
				SWIFT_OPTIMIZATION_LEVEL = "-Onone";
				SWIFT_VERSION = 5.0;
			};
			name = Debug;
		};
		3A58A7AA467D42B27CFF3BB0 /* Release */ = {
			isa = XCBuildConfiguration;
			buildSettings = {
				ASSETCATALOG_COMPILER_APPICON_NAME = AppIcon;
				CODE_SIGN_IDENTITY = "iPhone Developer";
				DEVELOPMENT_TEAM = 29C8MS76CZ;
				INFOPLIST_FILE = Sources/Info.plist;
				IPHONEOS_DEPLOYMENT_TARGET = 18.0;
				LD_RUNPATH_SEARCH_PATHS = (
					"$(inherited)",
					"@executable_path/Frameworks",
				);
				PRODUCT_BUNDLE_IDENTIFIER = com.panyang.PagePilot;
				SDKROOT = iphoneos;
				TARGETED_DEVICE_FAMILY = 1;
			};
			name = Release;
		};
		7E046BE74087CD4E6CCB0892 /* Debug */ = {
			isa = XCBuildConfiguration;
			buildSettings = {
				ASSETCATALOG_COMPILER_APPICON_NAME = AppIcon;
				DEVELOPMENT_TEAM = 29C8MS76CZ;
				GENERATE_INFOPLIST_FILE = NO;
				INFOPLIST_FILE = WatchRemote/Info.plist;
				LD_RUNPATH_SEARCH_PATHS = (
					"$(inherited)",
					"@executable_path/Frameworks",
				);
				PRODUCT_BUNDLE_IDENTIFIER = com.panyang.PagePilot.WatchRemote;
				SDKROOT = watchos;
				SKIP_INSTALL = YES;
				TARGETED_DEVICE_FAMILY = 4;
				WATCHOS_DEPLOYMENT_TARGET = 10.0;
			};
			name = Debug;
		};
		AD645552AC5DBC2D33DD0DA5 /* Release */ = {
			isa = XCBuildConfiguration;
			buildSettings = {
				ASSETCATALOG_COMPILER_APPICON_NAME = AppIcon;
				DEVELOPMENT_TEAM = 29C8MS76CZ;
				GENERATE_INFOPLIST_FILE = NO;
				INFOPLIST_FILE = WatchRemote/Info.plist;
				LD_RUNPATH_SEARCH_PATHS = (
					"$(inherited)",
					"@executable_path/Frameworks",
				);
				PRODUCT_BUNDLE_IDENTIFIER = com.panyang.PagePilot.WatchRemote;
				SDKROOT = watchos;
				SKIP_INSTALL = YES;
				TARGETED_DEVICE_FAMILY = 4;
				WATCHOS_DEPLOYMENT_TARGET = 10.0;
			};
			name = Release;
		};
		D8F7AA411495D5466DD55FCE /* Release */ = {
			isa = XCBuildConfiguration;
			buildSettings = {
				ALWAYS_SEARCH_USER_PATHS = NO;
				CLANG_ANALYZER_NONNULL = YES;
				CLANG_ANALYZER_NUMBER_OBJECT_CONVERSION = YES_AGGRESSIVE;
				CLANG_CXX_LANGUAGE_STANDARD = "gnu++14";
				CLANG_CXX_LIBRARY = "libc++";
				CLANG_ENABLE_MODULES = YES;
				CLANG_ENABLE_OBJC_ARC = YES;
				CLANG_ENABLE_OBJC_WEAK = YES;
				CLANG_WARN_BLOCK_CAPTURE_AUTORELEASING = YES;
				CLANG_WARN_BOOL_CONVERSION = YES;
				CLANG_WARN_COMMA = YES;
				CLANG_WARN_CONSTANT_CONVERSION = YES;
				CLANG_WARN_DEPRECATED_OBJC_IMPLEMENTATIONS = YES;
				CLANG_WARN_DIRECT_OBJC_ISA_USAGE = YES_ERROR;
				CLANG_WARN_DOCUMENTATION_COMMENTS = YES;
				CLANG_WARN_EMPTY_BODY = YES;
				CLANG_WARN_ENUM_CONVERSION = YES;
				CLANG_WARN_INFINITE_RECURSION = YES;
				CLANG_WARN_INT_CONVERSION = YES;
				CLANG_WARN_NON_LITERAL_NULL_CONVERSION = YES;
				CLANG_WARN_OBJC_IMPLICIT_RETAIN_SELF = YES;
				CLANG_WARN_OBJC_LITERAL_CONVERSION = YES;
				CLANG_WARN_OBJC_ROOT_CLASS = YES_ERROR;
				CLANG_WARN_QUOTED_INCLUDE_IN_FRAMEWORK_HEADER = YES;
				CLANG_WARN_RANGE_LOOP_ANALYSIS = YES;
				CLANG_WARN_STRICT_PROTOTYPES = YES;
				CLANG_WARN_SUSPICIOUS_MOVE = YES;
				CLANG_WARN_UNGUARDED_AVAILABILITY = YES_AGGRESSIVE;
				CLANG_WARN_UNREACHABLE_CODE = YES;
				CLANG_WARN__DUPLICATE_METHOD_MATCH = YES;
				COPY_PHASE_STRIP = NO;
				DEBUG_INFORMATION_FORMAT = "dwarf-with-dsym";
				ENABLE_NS_ASSERTIONS = NO;
				ENABLE_STRICT_OBJC_MSGSEND = YES;
				GCC_C_LANGUAGE_STANDARD = gnu11;
				GCC_NO_COMMON_BLOCKS = YES;
				GCC_WARN_64_TO_32_BIT_CONVERSION = YES;
				GCC_WARN_ABOUT_RETURN_TYPE = YES_ERROR;
				GCC_WARN_UNDECLARED_SELECTOR = YES;
				GCC_WARN_UNINITIALIZED_AUTOS = YES_AGGRESSIVE;
				GCC_WARN_UNUSED_FUNCTION = YES;
				GCC_WARN_UNUSED_VARIABLE = YES;
				MTL_ENABLE_DEBUG_INFO = NO;
				MTL_FAST_MATH = YES;
				PRODUCT_NAME = "$(TARGET_NAME)";
				SWIFT_COMPILATION_MODE = wholemodule;
				SWIFT_OPTIMIZATION_LEVEL = "-O";
				SWIFT_VERSION = 5.0;
			};
			name = Release;
		};
/* End XCBuildConfiguration section */

/* Begin XCConfigurationList section */
		14EC1A6774BAE9BB93E314F0 /* Build configuration list for PBXProject "PagePilot" */ = {
			isa = XCConfigurationList;
			buildConfigurations = (
				300A6E51B13D632B91BAC6B5 /* Debug */,
				D8F7AA411495D5466DD55FCE /* Release */,
			);
			defaultConfigurationIsVisible = 0;
			defaultConfigurationName = Debug;
		};
		5B9672BF1F25F05028133C0B /* Build configuration list for PBXNativeTarget "PagePilot" */ = {
			isa = XCConfigurationList;
			buildConfigurations = (
				1C9EF6644EAEBEF8FF5D1578 /* Debug */,
				3A58A7AA467D42B27CFF3BB0 /* Release */,
			);
			defaultConfigurationIsVisible = 0;
			defaultConfigurationName = Debug;
		};
		5E3ABA15D78C60A41439F701 /* Build configuration list for PBXNativeTarget "PagePilotWatch" */ = {
			isa = XCConfigurationList;
			buildConfigurations = (
				7E046BE74087CD4E6CCB0892 /* Debug */,
				AD645552AC5DBC2D33DD0DA5 /* Release */,
			);
			defaultConfigurationIsVisible = 0;
			defaultConfigurationName = Debug;
		};
/* End XCConfigurationList section */

/* Begin XCRemoteSwiftPackageReference section */
		0DE0538F1D6701C274268336 /* XCRemoteSwiftPackageReference "SwiftSoup" */ = {
			isa = XCRemoteSwiftPackageReference;
			repositoryURL = "https://github.com/scinfu/SwiftSoup.git";
			requirement = {
				kind = upToNextMajorVersion;
				minimumVersion = 2.3.2;
			};
		};
		80FA1DBC2E9576A8D1CA0639 /* XCRemoteSwiftPackageReference "swift-toolkit" */ = {
			isa = XCRemoteSwiftPackageReference;
			repositoryURL = "https://github.com/readium/swift-toolkit.git";
			requirement = {
				kind = upToNextMajorVersion;
				minimumVersion = 3.8.0;
			};
		};
		A278B036A1F988FB7AAFB9E4 /* XCRemoteSwiftPackageReference "MBProgressHUD" */ = {
			isa = XCRemoteSwiftPackageReference;
			repositoryURL = "https://github.com/jdg/MBProgressHUD.git";
			requirement = {
				kind = upToNextMajorVersion;
				minimumVersion = 1.2.0;
			};
		};
		DADB9F880B25F1BABE369EF9 /* XCRemoteSwiftPackageReference "Kingfisher" */ = {
			isa = XCRemoteSwiftPackageReference;
			repositoryURL = "https://github.com/onevcat/Kingfisher.git";
			requirement = {
				kind = upToNextMajorVersion;
				minimumVersion = 5.15.8;
			};
		};
		FE59F0C18677C77BC4E875EB /* XCRemoteSwiftPackageReference "GRDB.swift" */ = {
			isa = XCRemoteSwiftPackageReference;
			repositoryURL = "https://github.com/groue/GRDB.swift.git";
			requirement = {
				kind = upToNextMajorVersion;
				minimumVersion = 6.9.23;
			};
		};
/* End XCRemoteSwiftPackageReference section */

/* Begin XCSwiftPackageProductDependency section */
		353DFD22F3ACDD4205064F5B /* ReadiumNavigator */ = {
			isa = XCSwiftPackageProductDependency;
			package = 80FA1DBC2E9576A8D1CA0639 /* XCRemoteSwiftPackageReference "swift-toolkit" */;
			productName = ReadiumNavigator;
		};
		3625E51E58424FCC5DD3B97F /* ReadiumOPDS */ = {
			isa = XCSwiftPackageProductDependency;
			package = 80FA1DBC2E9576A8D1CA0639 /* XCRemoteSwiftPackageReference "swift-toolkit" */;
			productName = ReadiumOPDS;
		};
		3C3D34DFF9245C495B9DF145 /* MBProgressHUD */ = {
			isa = XCSwiftPackageProductDependency;
			package = A278B036A1F988FB7AAFB9E4 /* XCRemoteSwiftPackageReference "MBProgressHUD" */;
			productName = MBProgressHUD;
		};
		48B31D9ECEB98C5040A63F56 /* GRDB */ = {
			isa = XCSwiftPackageProductDependency;
			package = FE59F0C18677C77BC4E875EB /* XCRemoteSwiftPackageReference "GRDB.swift" */;
			productName = GRDB;
		};
		4A2698E7CCB066776CB9F70B /* ReadiumAdapterGCDWebServer */ = {
			isa = XCSwiftPackageProductDependency;
			package = 80FA1DBC2E9576A8D1CA0639 /* XCRemoteSwiftPackageReference "swift-toolkit" */;
			productName = ReadiumAdapterGCDWebServer;
		};
		7498BDB1A48B56ECEAA3F18C /* ReadiumShared */ = {
			isa = XCSwiftPackageProductDependency;
			package = 80FA1DBC2E9576A8D1CA0639 /* XCRemoteSwiftPackageReference "swift-toolkit" */;
			productName = ReadiumShared;
		};
		7B48E666961D446046AECB38 /* ReadiumStreamer */ = {
			isa = XCSwiftPackageProductDependency;
			package = 80FA1DBC2E9576A8D1CA0639 /* XCRemoteSwiftPackageReference "swift-toolkit" */;
			productName = ReadiumStreamer;
		};
		B9D8E7DA6EE0C6772F4072EF /* Kingfisher */ = {
			isa = XCSwiftPackageProductDependency;
			package = DADB9F880B25F1BABE369EF9 /* XCRemoteSwiftPackageReference "Kingfisher" */;
			productName = Kingfisher;
		};
/* End XCSwiftPackageProductDependency section */
	};
	rootObject = 1D376775B4D66BFF6381EB9C /* Project object */;
}
